
Microsoft Visual Studio Solution File, Format Version 12.00
# Visual Studio Version 16
VisualStudioVersion = 16.0.32106.194
MinimumVisualStudioVersion = 10.0.40219.1
Project("{FAE04EC0-301F-11D3-BF4B-00C04F79EFBC}") = "01.SortEvenNumbers", "01.SortEvenNumbers\01.SortEvenNumbers.csproj", "{B7A23494-BB6C-489A-BC59-2806159708AD}"
EndProject
Project("{FAE04EC0-301F-11D3-BF4B-00C04F79EFBC}") = "02.SumNumbers", "02.SumNumbers\02.SumNumbers.csproj", "{322543D0-0624-4EE7-B5E3-EAF7541A8D5E}"
EndProject
Project("{FAE04EC0-301F-11D3-BF4B-00C04F79EFBC}") = "03.CountUppercaseWords", "03.CountUppercaseWords\03.CountUppercaseWords.csproj", "{5320E562-3219-440C-8DFB-0159BC5DB511}"
EndProject
Project("{FAE04EC0-301F-11D3-BF4B-00C04F79EFBC}") = "04.AddVAT", "04.AddVAT\04.AddVAT.csproj", "{D8AAEAAE-4EAB-4081-AC21-0D4C47725105}"
EndProject
Project("{FAE04EC0-301F-11D3-BF4B-00C04F79EFBC}") = "05.FilterByAge", "05.FilterByAge\05.FilterByAge.csproj", "{89B5A9CF-4176-4622-8EBF-77AD167E6B3F}"
EndProject
Global
	GlobalSection(SolutionConfigurationPlatforms) = preSolution
		Debug|Any CPU = Debug|Any CPU
		Release|Any CPU = Release|Any CPU
	EndGlobalSection
	GlobalSection(ProjectConfigurationPlatforms) = postSolution
		{B7A23494-BB6C-489A-BC59-2806159708AD}.Debug|Any CPU.ActiveCfg = Debug|Any CPU
		{B7A23494-BB6C-489A-BC59-2806159708AD}.Debug|Any CPU.Build.0 = Debug|Any CPU
		{B7A23494-BB6C-489A-BC59-2806159708AD}.Release|Any CPU.ActiveCfg = Release|Any CPU
		{B7A23494-BB6C-489A-BC59-2806159708AD}.Release|Any CPU.Build.0 = Release|Any CPU
		{322543D0-0624-4EE7-B5E3-EAF7541A8D5E}.Debug|Any CPU.ActiveCfg = Debug|Any CPU
		{322543D0-0624-4EE7-B5E3-EAF7541A8D5E}.Debug|Any CPU.Build.0 = Debug|Any CPU
		{322543D0-0624-4EE7-B5E3-EAF7541A8D5E}.Release|Any CPU.ActiveCfg = Release|Any CPU
		{322543D0-0624-4EE7-B5E3-EAF7541A8D5E}.Release|Any CPU.Build.0 = Release|Any CPU
		{5320E562-3219-440C-8DFB-0159BC5DB511}.Debug|Any CPU.ActiveCfg = Debug|Any CPU
		{5320E562-3219-440C-8DFB-0159BC5DB511}.Debug|Any CPU.Build.0 = Debug|Any CPU
		{5320E562-3219-440C-8DFB-0159BC5DB511}.Release|Any CPU.ActiveCfg = Release|Any CPU
		{5320E562-3219-440C-8DFB-0159BC5DB511}.Release|Any CPU.Build.0 = Release|Any CPU
		{D8AAEAAE-4EAB-4081-AC21-0D4C47725105}.Debug|Any CPU.ActiveCfg = Debug|Any CPU
		{D8AAEAAE-4EAB-4081-AC21-0D4C47725105}.Debug|Any CPU.Build.0 = Debug|Any CPU
		{D8AAEAAE-4EAB-4081-AC21-0D4C47725105}.Release|Any CPU.ActiveCfg = Release|Any CPU
		{D8AAEAAE-4EAB-4081-AC21-0D4C47725105}.Release|Any CPU.Build.0 = Release|Any CPU
		{89B5A9CF-4176-4622-8EBF-77AD167E6B3F}.Debug|Any CPU.ActiveCfg = Debug|Any CPU
		{89B5A9CF-4176-4622-8EBF-77AD167E6B3F}.Debug|Any CPU.Build.0 = Debug|Any CPU
		{89B5A9CF-4176-4622-8EBF-77AD167E6B3F}.Release|Any CPU.ActiveCfg = Release|Any CPU
		{89B5A9CF-4176-4622-8EBF-77AD167E6B3F}.Release|Any CPU.Build.0 = Release|Any CPU
	EndGlobalSection
	GlobalSection(SolutionProperties) = preSolution
		HideSolutionNode = FALSE
	EndGlobalSection
	GlobalSection(ExtensibilityGlobals) = postSolution
		SolutionGuid = {17785573-D434-40CA-880E-4FA582017609}
	EndGlobalSection
EndGlobal
