
Microsoft Visual Studio Solution File, Format Version 12.00
# Visual Studio Version 16
VisualStudioVersion = 16.0.32126.315
MinimumVisualStudioVersion = 10.0.40219.1
Project("{FAE04EC0-301F-11D3-BF4B-00C04F79EFBC}") = "01.Blacksmith", "01.Blacksmith\01.Blacksmith.csproj", "{B2437274-D94D-4E92-8BC5-AC8D4E07F292}"
EndProject
Project("{FAE04EC0-301F-11D3-BF4B-00C04F79EFBC}") = "02.Armory", "02.Armory\02.Armory.csproj", "{325DF2C2-5556-4056-98F6-491FCA5A261F}"
EndProject
Project("{FAE04EC0-301F-11D3-BF4B-00C04F79EFBC}") = "03.Drones", "03.Drones\03.Drones.csproj", "{73441ECE-6CF3-4DA4-920C-630B9B99120E}"
EndProject
Global
	GlobalSection(SolutionConfigurationPlatforms) = preSolution
		Debug|Any CPU = Debug|Any CPU
		Release|Any CPU = Release|Any CPU
	EndGlobalSection
	GlobalSection(ProjectConfigurationPlatforms) = postSolution
		{B2437274-D94D-4E92-8BC5-AC8D4E07F292}.Debug|Any CPU.ActiveCfg = Debug|Any CPU
		{B2437274-D94D-4E92-8BC5-AC8D4E07F292}.Debug|Any CPU.Build.0 = Debug|Any CPU
		{B2437274-D94D-4E92-8BC5-AC8D4E07F292}.Release|Any CPU.ActiveCfg = Release|Any CPU
		{B2437274-D94D-4E92-8BC5-AC8D4E07F292}.Release|Any CPU.Build.0 = Release|Any CPU
		{325DF2C2-5556-4056-98F6-491FCA5A261F}.Debug|Any CPU.ActiveCfg = Debug|Any CPU
		{325DF2C2-5556-4056-98F6-491FCA5A261F}.Debug|Any CPU.Build.0 = Debug|Any CPU
		{325DF2C2-5556-4056-98F6-491FCA5A261F}.Release|Any CPU.ActiveCfg = Release|Any CPU
		{325DF2C2-5556-4056-98F6-491FCA5A261F}.Release|Any CPU.Build.0 = Release|Any CPU
		{73441ECE-6CF3-4DA4-920C-630B9B99120E}.Debug|Any CPU.ActiveCfg = Debug|Any CPU
		{73441ECE-6CF3-4DA4-920C-630B9B99120E}.Debug|Any CPU.Build.0 = Debug|Any CPU
		{73441ECE-6CF3-4DA4-920C-630B9B99120E}.Release|Any CPU.ActiveCfg = Release|Any CPU
		{73441ECE-6CF3-4DA4-920C-630B9B99120E}.Release|Any CPU.Build.0 = Release|Any CPU
	EndGlobalSection
	GlobalSection(SolutionProperties) = preSolution
		HideSolutionNode = FALSE
	EndGlobalSection
	GlobalSection(ExtensibilityGlobals) = postSolution
		SolutionGuid = {C44CBDC3-E215-46FB-9A47-A568F1B8B989}
	EndGlobalSection
EndGlobal
