
Microsoft Visual Studio Solution File, Format Version 12.00
# Visual Studio Version 16
VisualStudioVersion = 16.0.32106.194
MinimumVisualStudioVersion = 10.0.40219.1
Project("{FAE04EC0-301F-11D3-BF4B-00C04F79EFBC}") = "01.ActionPrint", "01.ActionPrint\01.ActionPrint.csproj", "{09EBB422-70C7-4DDE-9176-92E01D71F58D}"
EndProject
Project("{FAE04EC0-301F-11D3-BF4B-00C04F79EFBC}") = "02.KnightsOfHonor", "02.KnightsOfHonor\02.KnightsOfHonor.csproj", "{EC109FC4-80B8-41D7-8848-1CBF0B9237BB}"
EndProject
Project("{FAE04EC0-301F-11D3-BF4B-00C04F79EFBC}") = "03.CustomMinFunction", "03.CustomMinFunction\03.CustomMinFunction.csproj", "{E207D2D3-2841-4A2C-BAC9-231EF0ACFE76}"
EndProject
Project("{FAE04EC0-301F-11D3-BF4B-00C04F79EFBC}") = "04.FindEvensOrOdds", "04.FindEvensOrOdds\04.FindEvensOrOdds.csproj", "{904E636D-B9FF-42F5-BB8D-BBA835D5CD1F}"
EndProject
Project("{FAE04EC0-301F-11D3-BF4B-00C04F79EFBC}") = "05.AppliedArithmetics", "05.AppliedArithmetics\05.AppliedArithmetics.csproj", "{9142CF76-66F9-44CE-B20A-F1B60379747B}"
EndProject
Project("{FAE04EC0-301F-11D3-BF4B-00C04F79EFBC}") = "06.ReverseAndExclude", "06.ReverseAndExclude\06.ReverseAndExclude.csproj", "{B8C371BC-62D9-4BCE-B979-DA340223B5A4}"
EndProject
Project("{FAE04EC0-301F-11D3-BF4B-00C04F79EFBC}") = "07.PredicateForNames", "07.PredicateForNames\07.PredicateForNames.csproj", "{F3D6DD90-6741-425C-9707-8462B3CED47F}"
EndProject
Project("{FAE04EC0-301F-11D3-BF4B-00C04F79EFBC}") = "08.ListOfPredicates", "08.ListOfPredicates\08.ListOfPredicates.csproj", "{39313BA7-7869-48F2-9F6E-33D0803312D0}"
EndProject
Project("{FAE04EC0-301F-11D3-BF4B-00C04F79EFBC}") = "09.PredicateParty!", "09.PredicateParty!\09.PredicateParty!.csproj", "{58916380-3253-4E76-8BEE-19BCE012C08E}"
EndProject
Project("{FAE04EC0-301F-11D3-BF4B-00C04F79EFBC}") = "10.ThePartyReservationFilterModule", "10.ThePartyReservationFilterModule\10.ThePartyReservationFilterModule.csproj", "{B93654C9-EBC3-43AA-AD2A-D9EBED8EB95E}"
EndProject
Project("{FAE04EC0-301F-11D3-BF4B-00C04F79EFBC}") = "11.TriFunction", "11.TriFunction\11.TriFunction.csproj", "{D1BA47DC-C712-4919-8E79-D382879FC2D5}"
EndProject
Global
	GlobalSection(SolutionConfigurationPlatforms) = preSolution
		Debug|Any CPU = Debug|Any CPU
		Release|Any CPU = Release|Any CPU
	EndGlobalSection
	GlobalSection(ProjectConfigurationPlatforms) = postSolution
		{09EBB422-70C7-4DDE-9176-92E01D71F58D}.Debug|Any CPU.ActiveCfg = Debug|Any CPU
		{09EBB422-70C7-4DDE-9176-92E01D71F58D}.Debug|Any CPU.Build.0 = Debug|Any CPU
		{09EBB422-70C7-4DDE-9176-92E01D71F58D}.Release|Any CPU.ActiveCfg = Release|Any CPU
		{09EBB422-70C7-4DDE-9176-92E01D71F58D}.Release|Any CPU.Build.0 = Release|Any CPU
		{EC109FC4-80B8-41D7-8848-1CBF0B9237BB}.Debug|Any CPU.ActiveCfg = Debug|Any CPU
		{EC109FC4-80B8-41D7-8848-1CBF0B9237BB}.Debug|Any CPU.Build.0 = Debug|Any CPU
		{EC109FC4-80B8-41D7-8848-1CBF0B9237BB}.Release|Any CPU.ActiveCfg = Release|Any CPU
		{EC109FC4-80B8-41D7-8848-1CBF0B9237BB}.Release|Any CPU.Build.0 = Release|Any CPU
		{E207D2D3-2841-4A2C-BAC9-231EF0ACFE76}.Debug|Any CPU.ActiveCfg = Debug|Any CPU
		{E207D2D3-2841-4A2C-BAC9-231EF0ACFE76}.Debug|Any CPU.Build.0 = Debug|Any CPU
		{E207D2D3-2841-4A2C-BAC9-231EF0ACFE76}.Release|Any CPU.ActiveCfg = Release|Any CPU
		{E207D2D3-2841-4A2C-BAC9-231EF0ACFE76}.Release|Any CPU.Build.0 = Release|Any CPU
		{904E636D-B9FF-42F5-BB8D-BBA835D5CD1F}.Debug|Any CPU.ActiveCfg = Debug|Any CPU
		{904E636D-B9FF-42F5-BB8D-BBA835D5CD1F}.Debug|Any CPU.Build.0 = Debug|Any CPU
		{904E636D-B9FF-42F5-BB8D-BBA835D5CD1F}.Release|Any CPU.ActiveCfg = Release|Any CPU
		{904E636D-B9FF-42F5-BB8D-BBA835D5CD1F}.Release|Any CPU.Build.0 = Release|Any CPU
		{9142CF76-66F9-44CE-B20A-F1B60379747B}.Debug|Any CPU.ActiveCfg = Debug|Any CPU
		{9142CF76-66F9-44CE-B20A-F1B60379747B}.Debug|Any CPU.Build.0 = Debug|Any CPU
		{9142CF76-66F9-44CE-B20A-F1B60379747B}.Release|Any CPU.ActiveCfg = Release|Any CPU
		{9142CF76-66F9-44CE-B20A-F1B60379747B}.Release|Any CPU.Build.0 = Release|Any CPU
		{B8C371BC-62D9-4BCE-B979-DA340223B5A4}.Debug|Any CPU.ActiveCfg = Debug|Any CPU
		{B8C371BC-62D9-4BCE-B979-DA340223B5A4}.Debug|Any CPU.Build.0 = Debug|Any CPU
		{B8C371BC-62D9-4BCE-B979-DA340223B5A4}.Release|Any CPU.ActiveCfg = Release|Any CPU
		{B8C371BC-62D9-4BCE-B979-DA340223B5A4}.Release|Any CPU.Build.0 = Release|Any CPU
		{F3D6DD90-6741-425C-9707-8462B3CED47F}.Debug|Any CPU.ActiveCfg = Debug|Any CPU
		{F3D6DD90-6741-425C-9707-8462B3CED47F}.Debug|Any CPU.Build.0 = Debug|Any CPU
		{F3D6DD90-6741-425C-9707-8462B3CED47F}.Release|Any CPU.ActiveCfg = Release|Any CPU
		{F3D6DD90-6741-425C-9707-8462B3CED47F}.Release|Any CPU.Build.0 = Release|Any CPU
		{39313BA7-7869-48F2-9F6E-33D0803312D0}.Debug|Any CPU.ActiveCfg = Debug|Any CPU
		{39313BA7-7869-48F2-9F6E-33D0803312D0}.Debug|Any CPU.Build.0 = Debug|Any CPU
		{39313BA7-7869-48F2-9F6E-33D0803312D0}.Release|Any CPU.ActiveCfg = Release|Any CPU
		{39313BA7-7869-48F2-9F6E-33D0803312D0}.Release|Any CPU.Build.0 = Release|Any CPU
		{58916380-3253-4E76-8BEE-19BCE012C08E}.Debug|Any CPU.ActiveCfg = Debug|Any CPU
		{58916380-3253-4E76-8BEE-19BCE012C08E}.Debug|Any CPU.Build.0 = Debug|Any CPU
		{58916380-3253-4E76-8BEE-19BCE012C08E}.Release|Any CPU.ActiveCfg = Release|Any CPU
		{58916380-3253-4E76-8BEE-19BCE012C08E}.Release|Any CPU.Build.0 = Release|Any CPU
		{B93654C9-EBC3-43AA-AD2A-D9EBED8EB95E}.Debug|Any CPU.ActiveCfg = Debug|Any CPU
		{B93654C9-EBC3-43AA-AD2A-D9EBED8EB95E}.Debug|Any CPU.Build.0 = Debug|Any CPU
		{B93654C9-EBC3-43AA-AD2A-D9EBED8EB95E}.Release|Any CPU.ActiveCfg = Release|Any CPU
		{B93654C9-EBC3-43AA-AD2A-D9EBED8EB95E}.Release|Any CPU.Build.0 = Release|Any CPU
		{D1BA47DC-C712-4919-8E79-D382879FC2D5}.Debug|Any CPU.ActiveCfg = Debug|Any CPU
		{D1BA47DC-C712-4919-8E79-D382879FC2D5}.Debug|Any CPU.Build.0 = Debug|Any CPU
		{D1BA47DC-C712-4919-8E79-D382879FC2D5}.Release|Any CPU.ActiveCfg = Release|Any CPU
		{D1BA47DC-C712-4919-8E79-D382879FC2D5}.Release|Any CPU.Build.0 = Release|Any CPU
	EndGlobalSection
	GlobalSection(SolutionProperties) = preSolution
		HideSolutionNode = FALSE
	EndGlobalSection
	GlobalSection(ExtensibilityGlobals) = postSolution
		SolutionGuid = {E5033A2F-1EA4-4B96-B63C-8A074A0F6D5B}
	EndGlobalSection
EndGlobal
