
Microsoft Visual Studio Solution File, Format Version 12.00
# Visual Studio Version 16
VisualStudioVersion = 16.0.32106.194
MinimumVisualStudioVersion = 10.0.40219.1
Project("{FAE04EC0-301F-11D3-BF4B-00C04F79EFBC}") = "01.Bombs", "01.Bombs\01.Bombs.csproj", "{51FB0E8E-1C26-4CC8-A756-05EC33216659}"
EndProject
Project("{FAE04EC0-301F-11D3-BF4B-00C04F79EFBC}") = "02.Snake", "02.Snake\02.Snake.csproj", "{890179AD-1A56-4A88-9F94-3DE573CF4851}"
EndProject
Project("{FAE04EC0-301F-11D3-BF4B-00C04F79EFBC}") = "03.Parking", "03.Parking\03.Parking.csproj", "{C8204ECC-194C-4BC9-8528-2EF645CF5692}"
EndProject
Global
	GlobalSection(SolutionConfigurationPlatforms) = preSolution
		Debug|Any CPU = Debug|Any CPU
		Release|Any CPU = Release|Any CPU
	EndGlobalSection
	GlobalSection(ProjectConfigurationPlatforms) = postSolution
		{51FB0E8E-1C26-4CC8-A756-05EC33216659}.Debug|Any CPU.ActiveCfg = Debug|Any CPU
		{51FB0E8E-1C26-4CC8-A756-05EC33216659}.Debug|Any CPU.Build.0 = Debug|Any CPU
		{51FB0E8E-1C26-4CC8-A756-05EC33216659}.Release|Any CPU.ActiveCfg = Release|Any CPU
		{51FB0E8E-1C26-4CC8-A756-05EC33216659}.Release|Any CPU.Build.0 = Release|Any CPU
		{890179AD-1A56-4A88-9F94-3DE573CF4851}.Debug|Any CPU.ActiveCfg = Debug|Any CPU
		{890179AD-1A56-4A88-9F94-3DE573CF4851}.Debug|Any CPU.Build.0 = Debug|Any CPU
		{890179AD-1A56-4A88-9F94-3DE573CF4851}.Release|Any CPU.ActiveCfg = Release|Any CPU
		{890179AD-1A56-4A88-9F94-3DE573CF4851}.Release|Any CPU.Build.0 = Release|Any CPU
		{C8204ECC-194C-4BC9-8528-2EF645CF5692}.Debug|Any CPU.ActiveCfg = Debug|Any CPU
		{C8204ECC-194C-4BC9-8528-2EF645CF5692}.Debug|Any CPU.Build.0 = Debug|Any CPU
		{C8204ECC-194C-4BC9-8528-2EF645CF5692}.Release|Any CPU.ActiveCfg = Release|Any CPU
		{C8204ECC-194C-4BC9-8528-2EF645CF5692}.Release|Any CPU.Build.0 = Release|Any CPU
	EndGlobalSection
	GlobalSection(SolutionProperties) = preSolution
		HideSolutionNode = FALSE
	EndGlobalSection
	GlobalSection(ExtensibilityGlobals) = postSolution
		SolutionGuid = {50D43B05-C21A-4DEF-9413-6725741C7892}
	EndGlobalSection
EndGlobal
