
Microsoft Visual Studio Solution File, Format Version 12.00
# Visual Studio Version 16
VisualStudioVersion = 16.0.32106.194
MinimumVisualStudioVersion = 10.0.40219.1
Project("{FAE04EC0-301F-11D3-BF4B-00C04F79EFBC}") = "01.FlowerWreaths", "01.FlowerWreaths\01.FlowerWreaths.csproj", "{3352F2F3-B4BE-4501-A332-F283C9BA2C1E}"
EndProject
Project("{FAE04EC0-301F-11D3-BF4B-00C04F79EFBC}") = "02.Bee", "02.Bee\02.Bee.csproj", "{8866E8F2-F47C-4B86-916B-35517B0D1DD2}"
EndProject
Project("{FAE04EC0-301F-11D3-BF4B-00C04F79EFBC}") = "03.VetClinic", "03.VetClinic\03.VetClinic.csproj", "{518895CC-BDC5-4353-9437-E6AEB2B2FA4E}"
EndProject
Global
	GlobalSection(SolutionConfigurationPlatforms) = preSolution
		Debug|Any CPU = Debug|Any CPU
		Release|Any CPU = Release|Any CPU
	EndGlobalSection
	GlobalSection(ProjectConfigurationPlatforms) = postSolution
		{3352F2F3-B4BE-4501-A332-F283C9BA2C1E}.Debug|Any CPU.ActiveCfg = Debug|Any CPU
		{3352F2F3-B4BE-4501-A332-F283C9BA2C1E}.Debug|Any CPU.Build.0 = Debug|Any CPU
		{3352F2F3-B4BE-4501-A332-F283C9BA2C1E}.Release|Any CPU.ActiveCfg = Release|Any CPU
		{3352F2F3-B4BE-4501-A332-F283C9BA2C1E}.Release|Any CPU.Build.0 = Release|Any CPU
		{8866E8F2-F47C-4B86-916B-35517B0D1DD2}.Debug|Any CPU.ActiveCfg = Debug|Any CPU
		{8866E8F2-F47C-4B86-916B-35517B0D1DD2}.Debug|Any CPU.Build.0 = Debug|Any CPU
		{8866E8F2-F47C-4B86-916B-35517B0D1DD2}.Release|Any CPU.ActiveCfg = Release|Any CPU
		{8866E8F2-F47C-4B86-916B-35517B0D1DD2}.Release|Any CPU.Build.0 = Release|Any CPU
		{518895CC-BDC5-4353-9437-E6AEB2B2FA4E}.Debug|Any CPU.ActiveCfg = Debug|Any CPU
		{518895CC-BDC5-4353-9437-E6AEB2B2FA4E}.Debug|Any CPU.Build.0 = Debug|Any CPU
		{518895CC-BDC5-4353-9437-E6AEB2B2FA4E}.Release|Any CPU.ActiveCfg = Release|Any CPU
		{518895CC-BDC5-4353-9437-E6AEB2B2FA4E}.Release|Any CPU.Build.0 = Release|Any CPU
	EndGlobalSection
	GlobalSection(SolutionProperties) = preSolution
		HideSolutionNode = FALSE
	EndGlobalSection
	GlobalSection(ExtensibilityGlobals) = postSolution
		SolutionGuid = {9F55CD2B-0A2D-4E9B-8599-56B66D97025C}
	EndGlobalSection
EndGlobal
